
Microsoft Visual Studio Solution File, Format Version 12.00
# Visual Studio Version 17
VisualStudioVersion = 17.3.32804.467
MinimumVisualStudioVersion = 10.0.40219.1
Project("{FAE04EC0-301F-11D3-BF4B-00C04F79EFBC}") = "App4.Android", "App4.Android\App4.Android.csproj", "{3D4EC529-9C02-404B-89F1-751BF6B0A27F}"
EndProject
Project("{FAE04EC0-301F-11D3-BF4B-00C04F79EFBC}") = "App4.iOS", "App4.iOS\App4.iOS.csproj", "{38A7EF99-36F7-4666-B85B-A3619AB97108}"
EndProject
Project("{FAE04EC0-301F-11D3-BF4B-00C04F79EFBC}") = "App4", "App4\App4.csproj", "{FCF2FB81-8B03-4B48-B6E5-A2EF3EA3447B}"
EndProject
Global
	GlobalSection(SolutionConfigurationPlatforms) = preSolution
		Debug|Any CPU = Debug|Any CPU
		Debug|iPhone = Debug|iPhone
		Debug|iPhoneSimulator = Debug|iPhoneSimulator
		Release|Any CPU = Release|Any CPU
		Release|iPhone = Release|iPhone
		Release|iPhoneSimulator = Release|iPhoneSimulator
	EndGlobalSection
	GlobalSection(ProjectConfigurationPlatforms) = postSolution
		{3D4EC529-9C02-404B-89F1-751BF6B0A27F}.Debug|Any CPU.ActiveCfg = Debug|Any CPU
		{3D4EC529-9C02-404B-89F1-751BF6B0A27F}.Debug|Any CPU.Build.0 = Debug|Any CPU
		{3D4EC529-9C02-404B-89F1-751BF6B0A27F}.Debug|Any CPU.Deploy.0 = Debug|Any CPU
		{3D4EC529-9C02-404B-89F1-751BF6B0A27F}.Debug|iPhone.ActiveCfg = Debug|Any CPU
		{3D4EC529-9C02-404B-89F1-751BF6B0A27F}.Debug|iPhone.Build.0 = Debug|Any CPU
		{3D4EC529-9C02-404B-89F1-751BF6B0A27F}.Debug|iPhone.Deploy.0 = Debug|Any CPU
		{3D4EC529-9C02-404B-89F1-751BF6B0A27F}.Debug|iPhoneSimulator.ActiveCfg = Debug|Any CPU
		{3D4EC529-9C02-404B-89F1-751BF6B0A27F}.Debug|iPhoneSimulator.Build.0 = Debug|Any CPU
		{3D4EC529-9C02-404B-89F1-751BF6B0A27F}.Debug|iPhoneSimulator.Deploy.0 = Debug|Any CPU
		{3D4EC529-9C02-404B-89F1-751BF6B0A27F}.Release|Any CPU.ActiveCfg = Release|Any CPU
		{3D4EC529-9C02-404B-89F1-751BF6B0A27F}.Release|Any CPU.Build.0 = Release|Any CPU
		{3D4EC529-9C02-404B-89F1-751BF6B0A27F}.Release|Any CPU.Deploy.0 = Release|Any CPU
		{3D4EC529-9C02-404B-89F1-751BF6B0A27F}.Release|iPhone.ActiveCfg = Release|Any CPU
		{3D4EC529-9C02-404B-89F1-751BF6B0A27F}.Release|iPhone.Build.0 = Release|Any CPU
		{3D4EC529-9C02-404B-89F1-751BF6B0A27F}.Release|iPhone.Deploy.0 = Release|Any CPU
		{3D4EC529-9C02-404B-89F1-751BF6B0A27F}.Release|iPhoneSimulator.ActiveCfg = Release|Any CPU
		{3D4EC529-9C02-404B-89F1-751BF6B0A27F}.Release|iPhoneSimulator.Build.0 = Release|Any CPU
		{3D4EC529-9C02-404B-89F1-751BF6B0A27F}.Release|iPhoneSimulator.Deploy.0 = Release|Any CPU
		{38A7EF99-36F7-4666-B85B-A3619AB97108}.Debug|Any CPU.ActiveCfg = Debug|iPhone
		{38A7EF99-36F7-4666-B85B-A3619AB97108}.Debug|Any CPU.Build.0 = Debug|iPhone
		{38A7EF99-36F7-4666-B85B-A3619AB97108}.Debug|Any CPU.Deploy.0 = Debug|iPhone
		{38A7EF99-36F7-4666-B85B-A3619AB97108}.Debug|iPhone.ActiveCfg = Debug|iPhone
		{38A7EF99-36F7-4666-B85B-A3619AB97108}.Debug|iPhone.Build.0 = Debug|iPhone
		{38A7EF99-36F7-4666-B85B-A3619AB97108}.Debug|iPhone.Deploy.0 = Debug|iPhone
		{38A7EF99-36F7-4666-B85B-A3619AB97108}.Debug|iPhoneSimulator.ActiveCfg = Debug|iPhoneSimulator
		{38A7EF99-36F7-4666-B85B-A3619AB97108}.Debug|iPhoneSimulator.Build.0 = Debug|iPhoneSimulator
		{38A7EF99-36F7-4666-B85B-A3619AB97108}.Debug|iPhoneSimulator.Deploy.0 = Debug|iPhoneSimulator
		{38A7EF99-36F7-4666-B85B-A3619AB97108}.Release|Any CPU.ActiveCfg = Release|iPhoneSimulator
		{38A7EF99-36F7-4666-B85B-A3619AB97108}.Release|Any CPU.Build.0 = Release|iPhoneSimulator
		{38A7EF99-36F7-4666-B85B-A3619AB97108}.Release|Any CPU.Deploy.0 = Release|iPhoneSimulator
		{38A7EF99-36F7-4666-B85B-A3619AB97108}.Release|iPhone.ActiveCfg = Release|iPhone
		{38A7EF99-36F7-4666-B85B-A3619AB97108}.Release|iPhone.Build.0 = Release|iPhone
		{38A7EF99-36F7-4666-B85B-A3619AB97108}.Release|iPhone.Deploy.0 = Release|iPhone
		{38A7EF99-36F7-4666-B85B-A3619AB97108}.Release|iPhoneSimulator.ActiveCfg = Release|iPhoneSimulator
		{38A7EF99-36F7-4666-B85B-A3619AB97108}.Release|iPhoneSimulator.Build.0 = Release|iPhoneSimulator
		{38A7EF99-36F7-4666-B85B-A3619AB97108}.Release|iPhoneSimulator.Deploy.0 = Release|iPhoneSimulator
		{FCF2FB81-8B03-4B48-B6E5-A2EF3EA3447B}.Debug|Any CPU.ActiveCfg = Debug|Any CPU
		{FCF2FB81-8B03-4B48-B6E5-A2EF3EA3447B}.Debug|Any CPU.Build.0 = Debug|Any CPU
		{FCF2FB81-8B03-4B48-B6E5-A2EF3EA3447B}.Debug|Any CPU.Deploy.0 = Debug|Any CPU
		{FCF2FB81-8B03-4B48-B6E5-A2EF3EA3447B}.Debug|iPhone.ActiveCfg = Debug|Any CPU
		{FCF2FB81-8B03-4B48-B6E5-A2EF3EA3447B}.Debug|iPhone.Build.0 = Debug|Any CPU
		{FCF2FB81-8B03-4B48-B6E5-A2EF3EA3447B}.Debug|iPhone.Deploy.0 = Debug|Any CPU
		{FCF2FB81-8B03-4B48-B6E5-A2EF3EA3447B}.Debug|iPhoneSimulator.ActiveCfg = Debug|Any CPU
		{FCF2FB81-8B03-4B48-B6E5-A2EF3EA3447B}.Debug|iPhoneSimulator.Build.0 = Debug|Any CPU
		{FCF2FB81-8B03-4B48-B6E5-A2EF3EA3447B}.Debug|iPhoneSimulator.Deploy.0 = Debug|Any CPU
		{FCF2FB81-8B03-4B48-B6E5-A2EF3EA3447B}.Release|Any CPU.ActiveCfg = Release|Any CPU
		{FCF2FB81-8B03-4B48-B6E5-A2EF3EA3447B}.Release|Any CPU.Build.0 = Release|Any CPU
		{FCF2FB81-8B03-4B48-B6E5-A2EF3EA3447B}.Release|Any CPU.Deploy.0 = Release|Any CPU
		{FCF2FB81-8B03-4B48-B6E5-A2EF3EA3447B}.Release|iPhone.ActiveCfg = Release|Any CPU
		{FCF2FB81-8B03-4B48-B6E5-A2EF3EA3447B}.Release|iPhone.Build.0 = Release|Any CPU
		{FCF2FB81-8B03-4B48-B6E5-A2EF3EA3447B}.Release|iPhone.Deploy.0 = Release|Any CPU
		{FCF2FB81-8B03-4B48-B6E5-A2EF3EA3447B}.Release|iPhoneSimulator.ActiveCfg = Release|Any CPU
		{FCF2FB81-8B03-4B48-B6E5-A2EF3EA3447B}.Release|iPhoneSimulator.Build.0 = Release|Any CPU
		{FCF2FB81-8B03-4B48-B6E5-A2EF3EA3447B}.Release|iPhoneSimulator.Deploy.0 = Release|Any CPU
	EndGlobalSection
	GlobalSection(SolutionProperties) = preSolution
		HideSolutionNode = FALSE
	EndGlobalSection
	GlobalSection(ExtensibilityGlobals) = postSolution
		SolutionGuid = {A704B541-1E7E-4B17-9075-3B61425A7DE3}
	EndGlobalSection
EndGlobal
